// !$*UTF8*$!
{
	archiveVersion = 1;
	classes = {
	};
	objectVersion = 46;
	objects = {

/* Begin PBXBuildFile section */
		B78EE7BA1DCC24F7004A463D /* AppDelegate.swift in Sources */ = {isa = PBXBuildFile; fileRef = B78EE7B91DCC24F7004A463D /* AppDelegate.swift */; };
		B78EE7BC1DCC24F7004A463D /* ViewController.swift in Sources */ = {isa = PBXBuildFile; fileRef = B78EE7BB1DCC24F7004A463D /* ViewController.swift */; };
		B78EE7BF1DCC24F7004A463D /* Main.storyboard in Resources */ = {isa = PBXBuildFile; fileRef = B78EE7BD1DCC24F7004A463D /* Main.storyboard */; };
		B78EE7C11DCC24F7004A463D /* Assets.xcassets in Resources */ = {isa = PBXBuildFile; fileRef = B78EE7C01DCC24F7004A463D /* Assets.xcassets */; };
		B78EE7C41DCC24F7004A463D /* LaunchScreen.storyboard in Resources */ = {isa = PBXBuildFile; fileRef = B78EE7C21DCC24F7004A463D /* LaunchScreen.storyboard */; };
/* End PBXBuildFile section */

/* Begin PBXFileReference section */
		B78EE7B61DCC24F7004A463D /* SmileyCanvas.app */ = {isa = PBXFileReference; explicitFileType = wrapper.application; includeInIndex = 0; path = SmileyCanvas.app; sourceTree = BUILT_PRODUCTS_DIR; };
		B78EE7B91DCC24F7004A463D /* AppDelegate.swift */ = {isa = PBXFileReference; lastKnownFileType = sourcecode.swift; path = AppDelegate.swift; sourceTree = "<group>"; };
		B78EE7BB1DCC24F7004A463D /* ViewController.swift */ = {isa = PBXFileReference; lastKnownFileType = sourcecode.swift; path = ViewController.swift; sourceTree = "<group>"; };
		B78EE7BE1DCC24F7004A463D /* Base */ = {isa = PBXFileReference; lastKnownFileType = file.storyboard; name = Base; path = Base.lproj/Main.storyboard; sourceTree = "<group>"; };
		B78EE7C01DCC24F7004A463D /* Assets.xcassets */ = {isa = PBXFileReference; lastKnownFileType = folder.assetcatalog; path = Assets.xcassets; sourceTree = "<group>"; };
		B78EE7C31DCC24F7004A463D /* Base */ = {isa = PBXFileReference; lastKnownFileType = file.storyboard; name = Base; path = Base.lproj/LaunchScreen.storyboard; sourceTree = "<group>"; };
		B78EE7C51DCC24F7004A463D /* Info.plist */ = {isa = PBXFileReference; lastKnownFileType = text.plist.xml; path = Info.plist; sourceTree = "<group>"; };
/* End PBXFileReference section */

/* Begin PBXFrameworksBuildPhase section */
		B78EE7B31DCC24F6004A463D /* Frameworks */ = {
			isa = PBXFrameworksBuildPhase;
			buildActionMask = 2147483647;
			files = (
			);
			runOnlyForDeploymentPostprocessing = 0;
		};
/* End PBXFrameworksBuildPhase section */

/* Begin PBXGroup section */
		B78EE7AD1DCC24F6004A463D = {
			isa = PBXGroup;
			children = (
				B78EE7B81DCC24F7004A463D /* SmileyCanvas */,
				B78EE7B71DCC24F7004A463D /* Products */,
			);
			sourceTree = "<group>";
		};
		B78EE7B71DCC24F7004A463D /* Products */ = {
			isa = PBXGroup;
			children = (
				B78EE7B61DCC24F7004A463D /* SmileyCanvas.app */,
			);
			name = Products;
			sourceTree = "<group>";
		};
		B78EE7B81DCC24F7004A463D /* SmileyCanvas */ = {
			isa = PBXGroup;
			children = (
				B78EE7B91DCC24F7004A463D /* AppDelegate.swift */,
				B78EE7BB1DCC24F7004A463D /* ViewController.swift */,
				B78EE7BD1DCC24F7004A463D /* Main.storyboard */,
				B78EE7C01DCC24F7004A463D /* Assets.xcassets */,
				B78EE7C21DCC24F7004A463D /* LaunchScreen.storyboard */,
				B78EE7C51DCC24F7004A463D /* Info.plist */,
			);
			path = SmileyCanvas;
			sourceTree = "<group>";
		};
/* End PBXGroup section */

/* Begin PBXNativeTarget section */
		B78EE7B51DCC24F6004A463D /* SmileyCanvas */ = {
			isa = PBXNativeTarget;
			buildConfigurationList = B78EE7C81DCC24F7004A463D /* Build configuration list for PBXNativeTarget "SmileyCanvas" */;
			buildPhases = (
				B78EE7B21DCC24F6004A463D /* Sources */,
				B78EE7B31DCC24F6004A463D /* Frameworks */,
				B78EE7B41DCC24F6004A463D /* Resources */,
			);
			buildRules = (
			);
			dependencies = (
			);
			name = SmileyCanvas;
			productName = SmileyCanvas;
			productReference = B78EE7B61DCC24F7004A463D /* SmileyCanvas.app */;
			productType = "com.apple.product-type.application";
		};
/* End PBXNativeTarget section */

/* Begin PBXProject section */
		B78EE7AE1DCC24F6004A463D /* Project object */ = {
			isa = PBXProject;
			attributes = {
				LastSwiftUpdateCheck = 0810;
				LastUpgradeCheck = 0810;
				ORGANIZATIONNAME = "Rahul Pandey";
				TargetAttributes = {
					B78EE7B51DCC24F6004A463D = {
						CreatedOnToolsVersion = 8.1;
						ProvisioningStyle = Automatic;
					};
				};
			};
			buildConfigurationList = B78EE7B11DCC24F6004A463D /* Build configuration list for PBXProject "SmileyCanvas" */;
			compatibilityVersion = "Xcode 3.2";
			developmentRegion = English;
			hasScannedForEncodings = 0;
			knownRegions = (
				en,
				Base,
			);
			mainGroup = B78EE7AD1DCC24F6004A463D;
			productRefGroup = B78EE7B71DCC24F7004A463D /* Products */;
			projectDirPath = "";
			projectRoot = "";
			targets = (
				B78EE7B51DCC24F6004A463D /* SmileyCanvas */,
			);
		};
/* End PBXProject section */

/* Begin PBXResourcesBuildPhase section */
		B78EE7B41DCC24F6004A463D /* Resources */ = {
			isa = PBXResourcesBuildPhase;
			buildActionMask = 2147483647;
			files = (
				B78EE7C41DCC24F7004A463D /* LaunchScreen.storyboard in Resources */,
				B78EE7C11DCC24F7004A463D /* Assets.xcassets in Resources */,
				B78EE7BF1DCC24F7004A463D /* Main.storyboard in Resources */,
			);
			runOnlyForDeploymentPostprocessing = 0;
		};
/* End PBXResourcesBuildPhase section */

/* Begin PBXSourcesBuildPhase section */
		B78EE7B21DCC24F6004A463D /* Sources */ = {
			isa = PBXSourcesBuildPhase;
			buildActionMask = 2147483647;
			files = (
				B78EE7BC1DCC24F7004A463D /* ViewController.swift in Sources */,
				B78EE7BA1DCC24F7004A463D /* AppDelegate.swift in Sources */,
			);
			runOnlyForDeploymentPostprocessing = 0;
		};
/* End PBXSourcesBuildPhase section */

/* Begin PBXVariantGroup section */
		B78EE7BD1DCC24F7004A463D /* Main.storyboard */ = {
			isa = PBXVariantGroup;
			children = (
				B78EE7BE1DCC24F7004A463D /* Base */,
			);
			name = Main.storyboard;
			sourceTree = "<group>";
		};
		B78EE7C21DCC24F7004A463D /* LaunchScreen.storyboard */ = {
			isa = PBXVariantGroup;
			children = (
				B78EE7C31DCC24F7004A463D /* Base */,
			);
			name = LaunchScreen.storyboard;
			sourceTree = "<group>";
		};
/* End PBXVariantGroup section */

/* Begin XCBuildConfiguration section */
		B78EE7C61DCC24F7004A463D /* Debug */ = {
			isa = XCBuildConfiguration;
			buildSettings = {
				ALWAYS_SEARCH_USER_PATHS = NO;
				CLANG_ANALYZER_NONNULL = YES;
				CLANG_CXX_LANGUAGE_STANDARD = "gnu++0x";
				CLANG_CXX_LIBRARY = "libc++";
				CLANG_ENABLE_MODULES = YES;
				CLANG_ENABLE_OBJC_ARC = YES;
				CLANG_WARN_BOOL_CONVERSION = YES;
				CLANG_WARN_CONSTANT_CONVERSION = YES;
				CLANG_WARN_DIRECT_OBJC_ISA_USAGE = YES_ERROR;
				CLANG_WARN_DOCUMENTATION_COMMENTS = YES;
				CLANG_WARN_EMPTY_BODY = YES;
				CLANG_WARN_ENUM_CONVERSION = YES;
				CLANG_WARN_INFINITE_RECURSION = YES;
				CLANG_WARN_INT_CONVERSION = YES;
				CLANG_WARN_OBJC_ROOT_CLASS = YES_ERROR;
				CLANG_WARN_SUSPICIOUS_MOVES = YES;
				CLANG_WARN_UNREACHABLE_CODE = YES;
				CLANG_WARN__DUPLICATE_METHOD_MATCH = YES;
				"CODE_SIGN_IDENTITY[sdk=iphoneos*]" = "iPhone Developer";
				COPY_PHASE_STRIP = NO;
				DEBUG_INFORMATION_FORMAT = dwarf;
				ENABLE_STRICT_OBJC_MSGSEND = YES;
				ENABLE_TESTABILITY = YES;
				GCC_C_LANGUAGE_STANDARD = gnu99;
				GCC_DYNAMIC_NO_PIC = NO;
				GCC_NO_COMMON_BLOCKS = YES;
				GCC_OPTIMIZATION_LEVEL = 0;
				GCC_PREPROCESSOR_DEFINITIONS = (
					"DEBUG=1",
					"$(inherited)",
				);
				GCC_WARN_64_TO_32_BIT_CONVERSION = YES;
				GCC_WARN_ABOUT_RETURN_TYPE = YES_ERROR;
				GCC_WARN_UNDECLARED_SELECTOR = YES;
				GCC_WARN_UNINITIALIZED_AUTOS = YES_AGGRESSIVE;
				GCC_WARN_UNUSED_FUNCTION = YES;
				GCC_WARN_UNUSED_VARIABLE = YES;
				IPHONEOS_DEPLOYMENT_TARGET = 10.1;
				MTL_ENABLE_DEBUG_INFO = YES;
				ONLY_ACTIVE_ARCH = YES;
				SDKROOT = iphoneos;
				SWIFT_ACTIVE_COMPILATION_CONDITIONS = DEBUG;
				SWIFT_OPTIMIZATION_LEVEL = "-Onone";
			};
			name = Debug;
		};
		B78EE7C71DCC24F7004A463D /* Release */ = {
			isa = XCBuildConfiguration;
			buildSettings = {
				ALWAYS_SEARCH_USER_PATHS = NO;
				CLANG_ANALYZER_NONNULL = YES;
				CLANG_CXX_LANGUAGE_STANDARD = "gnu++0x";
				CLANG_CXX_LIBRARY = "libc++";
				CLANG_ENABLE_MODULES = YES;
				CLANG_ENABLE_OBJC_ARC = YES;
				CLANG_WARN_BOOL_CONVERSION = YES;
				CLANG_WARN_CONSTANT_CONVERSION = YES;
				CLANG_WARN_DIRECT_OBJC_ISA_USAGE = YES_ERROR;
				CLANG_WARN_DOCUMENTATION_COMMENTS = YES;
				CLANG_WARN_EMPTY_BODY = YES;
				CLANG_WARN_ENUM_CONVERSION = YES;
				CLANG_WARN_INFINITE_RECURSION = YES;
				CLANG_WARN_INT_CONVERSION = YES;
				CLANG_WARN_OBJC_ROOT_CLASS = YES_ERROR;
				CLANG_WARN_SUSPICIOUS_MOVES = YES;
				CLANG_WARN_UNREACHABLE_CODE = YES;
				CLANG_WARN__DUPLICATE_METHOD_MATCH = YES;
				"CODE_SIGN_IDENTITY[sdk=iphoneos*]" = "iPhone Developer";
				COPY_PHASE_STRIP = NO;
				DEBUG_INFORMATION_FORMAT = "dwarf-with-dsym";
				ENABLE_NS_ASSERTIONS = NO;
				ENABLE_STRICT_OBJC_MSGSEND = YES;
				GCC_C_LANGUAGE_STANDARD = gnu99;
				GCC_NO_COMMON_BLOCKS = YES;
				GCC_WARN_64_TO_32_BIT_CONVERSION = YES;
				GCC_WARN_ABOUT_RETURN_TYPE = YES_ERROR;
				GCC_WARN_UNDECLARED_SELECTOR = YES;
				GCC_WARN_UNINITIALIZED_AUTOS = YES_AGGRESSIVE;
				GCC_WARN_UNUSED_FUNCTION = YES;
				GCC_WARN_UNUSED_VARIABLE = YES;
				IPHONEOS_DEPLOYMENT_TARGET = 10.1;
				MTL_ENABLE_DEBUG_INFO = NO;
				SDKROOT = iphoneos;
				SWIFT_OPTIMIZATION_LEVEL = "-Owholemodule";
				VALIDATE_PRODUCT = YES;
			};
			name = Release;
		};
		B78EE7C91DCC24F7004A463D /* Debug */ = {
			isa = XCBuildConfiguration;
			buildSettings = {
				ASSETCATALOG_COMPILER_APPICON_NAME = AppIcon;
				INFOPLIST_FILE = SmileyCanvas/Info.plist;
				LD_RUNPATH_SEARCH_PATHS = "$(inherited) @executable_path/Frameworks";
				PRODUCT_BUNDLE_IDENTIFIER = com.rkpandey.SmileyCanvas;
				PRODUCT_NAME = "$(TARGET_NAME)";
				SWIFT_VERSION = 3.0;
			};
			name = Debug;
		};
		B78EE7CA1DCC24F7004A463D /* Release */ = {
			isa = XCBuildConfiguration;
			buildSettings = {
				ASSETCATALOG_COMPILER_APPICON_NAME = AppIcon;
				INFOPLIST_FILE = SmileyCanvas/Info.plist;
				LD_RUNPATH_SEARCH_PATHS = "$(inherited) @executable_path/Frameworks";
				PRODUCT_BUNDLE_IDENTIFIER = com.rkpandey.SmileyCanvas;
				PRODUCT_NAME = "$(TARGET_NAME)";
				SWIFT_VERSION = 3.0;
			};
			name = Release;
		};
/* End XCBuildConfiguration section */

/* Begin XCConfigurationList section */
		B78EE7B11DCC24F6004A463D /* Build configuration list for PBXProject "SmileyCanvas" */ = {
			isa = XCConfigurationList;
			buildConfigurations = (
				B78EE7C61DCC24F7004A463D /* Debug */,
				B78EE7C71DCC24F7004A463D /* Release */,
			);
			defaultConfigurationIsVisible = 0;
			defaultConfigurationName = Release;
		};
		B78EE7C81DCC24F7004A463D /* Build configuration list for PBXNativeTarget "SmileyCanvas" */ = {
			isa = XCConfigurationList;
			buildConfigurations = (
				B78EE7C91DCC24F7004A463D /* Debug */,
				B78EE7CA1DCC24F7004A463D /* Release */,
			);
			defaultConfigurationIsVisible = 0;
		};
/* End XCConfigurationList section */
	};
	rootObject = B78EE7AE1DCC24F6004A463D /* Project object */;
}
